
Microsoft Visual Studio Solution File, Format Version 12.00
# Visual Studio Version 16
VisualStudioVersion = 16.0.31205.134
MinimumVisualStudioVersion = 10.0.40219.1
Project("{9A19103F-16F7-4668-BE54-9A1E7A4F7556}") = "complierI", "complier\complierI.csproj", "{AE544D34-CEC0-403F-BEB0-77C89FA23F4E}"
EndProject
Project("{9A19103F-16F7-4668-BE54-9A1E7A4F7556}") = "Lib", "Lib\Lib.csproj", "{DFC6B984-FAA9-4C0E-A635-004B5929AF62}"
EndProject
Project("{9A19103F-16F7-4668-BE54-9A1E7A4F7556}") = "Test", "Test\Test.csproj", "{0E2B4217-820E-44FF-9C8E-A534C7FF71FD}"
EndProject
Project("{9A19103F-16F7-4668-BE54-9A1E7A4F7556}") = "ComplierC", "ComplierC\ComplierC.csproj", "{07C638A6-A1A7-4541-B3BC-12D9B6DAAAA1}"
EndProject
Global
	GlobalSection(SolutionConfigurationPlatforms) = preSolution
		Debug|Any CPU = Debug|Any CPU
		Release|Any CPU = Release|Any CPU
	EndGlobalSection
	GlobalSection(ProjectConfigurationPlatforms) = postSolution
		{AE544D34-CEC0-403F-BEB0-77C89FA23F4E}.Debug|Any CPU.ActiveCfg = Debug|Any CPU
		{AE544D34-CEC0-403F-BEB0-77C89FA23F4E}.Debug|Any CPU.Build.0 = Debug|Any CPU
		{AE544D34-CEC0-403F-BEB0-77C89FA23F4E}.Release|Any CPU.ActiveCfg = Release|Any CPU
		{AE544D34-CEC0-403F-BEB0-77C89FA23F4E}.Release|Any CPU.Build.0 = Release|Any CPU
		{DFC6B984-FAA9-4C0E-A635-004B5929AF62}.Debug|Any CPU.ActiveCfg = Debug|Any CPU
		{DFC6B984-FAA9-4C0E-A635-004B5929AF62}.Debug|Any CPU.Build.0 = Debug|Any CPU
		{DFC6B984-FAA9-4C0E-A635-004B5929AF62}.Release|Any CPU.ActiveCfg = Release|Any CPU
		{DFC6B984-FAA9-4C0E-A635-004B5929AF62}.Release|Any CPU.Build.0 = Release|Any CPU
		{0E2B4217-820E-44FF-9C8E-A534C7FF71FD}.Debug|Any CPU.ActiveCfg = Debug|Any CPU
		{0E2B4217-820E-44FF-9C8E-A534C7FF71FD}.Debug|Any CPU.Build.0 = Debug|Any CPU
		{0E2B4217-820E-44FF-9C8E-A534C7FF71FD}.Release|Any CPU.ActiveCfg = Release|Any CPU
		{0E2B4217-820E-44FF-9C8E-A534C7FF71FD}.Release|Any CPU.Build.0 = Release|Any CPU
		{07C638A6-A1A7-4541-B3BC-12D9B6DAAAA1}.Debug|Any CPU.ActiveCfg = Debug|Any CPU
		{07C638A6-A1A7-4541-B3BC-12D9B6DAAAA1}.Debug|Any CPU.Build.0 = Debug|Any CPU
		{07C638A6-A1A7-4541-B3BC-12D9B6DAAAA1}.Release|Any CPU.ActiveCfg = Release|Any CPU
		{07C638A6-A1A7-4541-B3BC-12D9B6DAAAA1}.Release|Any CPU.Build.0 = Release|Any CPU
	EndGlobalSection
	GlobalSection(SolutionProperties) = preSolution
		HideSolutionNode = FALSE
	EndGlobalSection
	GlobalSection(ExtensibilityGlobals) = postSolution
		SolutionGuid = {57DAC589-6DB9-45A0-8411-CD2752158438}
	EndGlobalSection
EndGlobal
